{
  "name": "tozny-simple-example",
  "version": "0.1.0",
  "lockfileVersion": 1,
  "requires": true,
  "dependencies": {
    "@toznysecure/sdk": {
      "version": "1.3.5",
      "resolved": "https://registry.npmjs.org/@toznysecure/sdk/-/sdk-1.3.5.tgz",
      "integrity": "sha512-PIf6UtwQvv1HsBt/PPT0Lc/r2Az3dpa1bGUsVJC+FHjOHswS3WyE7H/KMqt9brWdvnR/OCzY49xwZvjGUZG1wQ==",
      "requires": {
        "cross-fetch": "^3.0.6",
        "libsodium-wrappers": "^0.7.9",
        "spark-md5": "^3.0.1",
        "uuid": "^8.3.2"
      }
    },
    "commander": {
      "version": "8.0.0",
      "resolved": "https://registry.npmjs.org/commander/-/commander-8.0.0.tgz",
      "integrity": "sha512-Xvf85aAtu6v22+E5hfVoLHqyul/jyxh91zvqk/ioJTQuJR7Z78n7H558vMPKanPSRgIEeZemT92I2g9Y8LPbSQ=="
    },
    "cross-fetch": {
      "version": "3.1.4",
      "resolved": "https://registry.npmjs.org/cross-fetch/-/cross-fetch-3.1.4.tgz",
      "integrity": "sha512-1eAtFWdIubi6T4XPy6ei9iUFoKpUkIF971QLN8lIvvvwueI65+Nw5haMNKUwfJxabqlIIDODJKGrQ66gxC0PbQ==",
      "requires": {
        "node-fetch": "2.6.1"
      }
    },
    "libsodium": {
      "version": "0.7.9",
      "resolved": "https://registry.npmjs.org/libsodium/-/libsodium-0.7.9.tgz",
      "integrity": "sha512-gfeADtR4D/CM0oRUviKBViMGXZDgnFdMKMzHsvBdqLBHd9ySi6EtYnmuhHVDDYgYpAO8eU8hEY+F8vIUAPh08A=="
    },
    "libsodium-wrappers": {
      "version": "0.7.9",
      "resolved": "https://registry.npmjs.org/libsodium-wrappers/-/libsodium-wrappers-0.7.9.tgz",
      "integrity": "sha512-9HaAeBGk1nKTRFRHkt7nzxqCvnkWTjn1pdjKgcUnZxj0FyOP4CnhgFhMdrFfgNsukijBGyBLpP2m2uKT1vuWhQ==",
      "requires": {
        "libsodium": "^0.7.0"
      }
    },
    "node-fetch": {
      "version": "2.6.1",
      "resolved": "https://registry.npmjs.org/node-fetch/-/node-fetch-2.6.1.tgz",
      "integrity": "sha512-V4aYg89jEoVRxRb2fJdAg8FHvI7cEyYdVAh94HH0UIK8oJxUfkjlDQN9RbMx+bEjP7+ggMiFRprSti032Oipxw=="
    },
    "spark-md5": {
      "version": "3.0.1",
      "resolved": "https://registry.npmjs.org/spark-md5/-/spark-md5-3.0.1.tgz",
      "integrity": "sha512-0tF3AGSD1ppQeuffsLDIOWlKUd3lS92tFxcsrh5Pe3ZphhnoK+oXIBTzOAThZCiuINZLvpiLH/1VS1/ANEJVig=="
    },
    "uuid": {
      "version": "8.3.2",
      "resolved": "https://registry.npmjs.org/uuid/-/uuid-8.3.2.tgz",
      "integrity": "sha512-+NYs2QeMWy+GWFOEm9xnn6HCDp0l7QBD7ml8zLUmJ+93Q5NF0NocErnwkTkXVFNiX3/fpC6afS8Dhb/gz7R7eg=="
    }
  }
}
